
Microsoft Visual Studio Solution File, Format Version 12.00
# Visual Studio 15
VisualStudioVersion = 15.0.28010.2016
MinimumVisualStudioVersion = 10.0.40219.1
Project("{FAE04EC0-301F-11D3-BF4B-00C04F79EFBC}") = "AcuvateEmployee", "AcuvateEmployee\AcuvateEmployee.csproj", "{5704DB5E-8DE7-4748-8628-F2EFD9574D6A}"
EndProject
Project("{FAE04EC0-301F-11D3-BF4B-00C04F79EFBC}") = "DAL", "DAL\DAL.csproj", "{9407E05A-73AA-4941-AB3A-46346800C51C}"
EndProject
Global
	GlobalSection(SolutionConfigurationPlatforms) = preSolution
		Debug|Any CPU = Debug|Any CPU
		Release|Any CPU = Release|Any CPU
	EndGlobalSection
	GlobalSection(ProjectConfigurationPlatforms) = postSolution
		{5704DB5E-8DE7-4748-8628-F2EFD9574D6A}.Debug|Any CPU.ActiveCfg = Debug|Any CPU
		{5704DB5E-8DE7-4748-8628-F2EFD9574D6A}.Debug|Any CPU.Build.0 = Debug|Any CPU
		{5704DB5E-8DE7-4748-8628-F2EFD9574D6A}.Release|Any CPU.ActiveCfg = Release|Any CPU
		{5704DB5E-8DE7-4748-8628-F2EFD9574D6A}.Release|Any CPU.Build.0 = Release|Any CPU
		{9407E05A-73AA-4941-AB3A-46346800C51C}.Debug|Any CPU.ActiveCfg = Debug|Any CPU
		{9407E05A-73AA-4941-AB3A-46346800C51C}.Debug|Any CPU.Build.0 = Debug|Any CPU
		{9407E05A-73AA-4941-AB3A-46346800C51C}.Release|Any CPU.ActiveCfg = Release|Any CPU
		{9407E05A-73AA-4941-AB3A-46346800C51C}.Release|Any CPU.Build.0 = Release|Any CPU
	EndGlobalSection
	GlobalSection(SolutionProperties) = preSolution
		HideSolutionNode = FALSE
	EndGlobalSection
	GlobalSection(ExtensibilityGlobals) = postSolution
		SolutionGuid = {0C5E7684-045D-4700-93A7-699DF9126C71}
	EndGlobalSection
EndGlobal
